// !$*UTF8*$!
{
	archiveVersion = 1;
	classes = {
	};
	objectVersion = 77;
	objects = {

/* Begin PBXBuildFile section */
		0E6AF5380B95C2E8B0306DDD /* ClientInstanceState.swift in Sources */ = {isa = PBXBuildFile; fileRef = 0A41A1C9A5C720127DACF794 /* ClientInstanceState.swift */; };
		107F0A411CB0EBB6C7814D1A /* KeyDerivation.swift in Sources */ = {isa = PBXBuildFile; fileRef = C878BE8AB7C890741D63FD4B /* KeyDerivation.swift */; };
		15888598639065B21A052194 /* Password.swift in Sources */ = {isa = PBXBuildFile; fileRef = BB1D9703053E694DF9D9B7B0 /* Password.swift */; };
		1BFAC3789D37274476026EF7 /* StoreTests.swift in Sources */ = {isa = PBXBuildFile; fileRef = B9E5D2C172742B92859D2C96 /* StoreTests.swift */; };
		1D71390616C358C1E3B64E97 /* ClientInstanceListView.swift in Sources */ = {isa = PBXBuildFile; fileRef = 45BE94CA6F6F93ADB56F2656 /* ClientInstanceListView.swift */; };
		295CC2658D5C77C7F4D8A372 /* ServerState.swift in Sources */ = {isa = PBXBuildFile; fileRef = BCA25958629EAEBE651EB3BE /* ServerState.swift */; };
		2F88751D6279228C9A743F86 /* WebViewState.swift in Sources */ = {isa = PBXBuildFile; fileRef = EEE2B93AA06DE0C0933C3D38 /* WebViewState.swift */; };
		2FD47ED596DDAE8B90235A14 /* Server.swift in Sources */ = {isa = PBXBuildFile; fileRef = E8C556C466DC396F7E7CF0A9 /* Server.swift */; };
		4489E2B229CBC79D6D12D0E0 /* AppEnvironment.swift in Sources */ = {isa = PBXBuildFile; fileRef = 6AF8F0B808071A19757B18E8 /* AppEnvironment.swift */; };
		492400C0D605BF0DDEB48A96 /* ServerEditView.swift in Sources */ = {isa = PBXBuildFile; fileRef = 52445120295260DE53C68C8C /* ServerEditView.swift */; };
		4DD160E6908B3EFA2AE8DC1E /* StateMachineTests.swift in Sources */ = {isa = PBXBuildFile; fileRef = F46CE42E287269A4380C2039 /* StateMachineTests.swift */; };
		5044AAE7C0ED25725F445764 /* ClientInstance.swift in Sources */ = {isa = PBXBuildFile; fileRef = 4948C4450920B4525543B55D /* ClientInstance.swift */; };
		57D3ED93979E5A22153D28DF /* Keys.swift in Sources */ = {isa = PBXBuildFile; fileRef = F3954BD928A1673AC38C8C34 /* Keys.swift */; };
		5B5BFC4D25A70D5812385908 /* ServerCmd.swift in Sources */ = {isa = PBXBuildFile; fileRef = DF44707E2712A711681F8A37 /* ServerCmd.swift */; };
		64149FE1774E5647656156B3 /* InstanceDetailView.swift in Sources */ = {isa = PBXBuildFile; fileRef = 92548EF49E1B66C4970ACD7A /* InstanceDetailView.swift */; };
		6BACFF590456BAF38E950C0D /* RC4CipherTests.swift in Sources */ = {isa = PBXBuildFile; fileRef = C7F9EF19589AD30195EE991A /* RC4CipherTests.swift */; };
		6EAD230841B7F33542055253 /* ClientConfigEditView.swift in Sources */ = {isa = PBXBuildFile; fileRef = A0D4B5C32B0D791509AAEC2C /* ClientConfigEditView.swift */; };
		77C1142AE33201308764A799 /* QtunnelApp.swift in Sources */ = {isa = PBXBuildFile; fileRef = A6FE4918DFADD07F06F6F7E8 /* QtunnelApp.swift */; };
		7D2571FD06A0A90265720E89 /* ClientConfigListView.swift in Sources */ = {isa = PBXBuildFile; fileRef = FF26D7AE9CC6E344616CCF69 /* ClientConfigListView.swift */; };
		8C4AEB99EA263E6126F1B817 /* KeyDerivationTests.swift in Sources */ = {isa = PBXBuildFile; fileRef = FA6528DC0E2C49F40310B7E7 /* KeyDerivationTests.swift */; };
		8C7DB2682B3A2B2CCDE646C4 /* StatusProbe.swift in Sources */ = {isa = PBXBuildFile; fileRef = B88C6C582DCD15AFF9A83D57 /* StatusProbe.swift */; };
		8E62BA42FB244936759FD8E6 /* CryptoMethod.swift in Sources */ = {isa = PBXBuildFile; fileRef = 58543C2EC04D38752067AB74 /* CryptoMethod.swift */; };
		90F27FE1B2F18FC62B52EF12 /* Log.swift in Sources */ = {isa = PBXBuildFile; fileRef = 4DFBF0EEC11E1B16A4A7A39B /* Log.swift */; };
		96CEE7F769346FE30EABDCDF /* DS.swift in Sources */ = {isa = PBXBuildFile; fileRef = B4BF1523A3C6E573E1AD8C28 /* DS.swift */; };
		9D4EA75A3BE48ECF5CF72550 /* TCPForwarder.swift in Sources */ = {isa = PBXBuildFile; fileRef = F445FE8815D8EF3A01D55456 /* TCPForwarder.swift */; };
		ABCFD13476F1A4051F581CEF /* ServerCmdModal.swift in Sources */ = {isa = PBXBuildFile; fileRef = 77F12A3B994F3E9806242219 /* ServerCmdModal.swift */; };
		ACD26350031D6818F736FCAB /* Store.swift in Sources */ = {isa = PBXBuildFile; fileRef = AA65377F4538BC916FA927DD /* Store.swift */; };
		B2A47DE3B7D306A9BEA94A88 /* TunnelConnection.swift in Sources */ = {isa = PBXBuildFile; fileRef = 2F5854FF1B74F921D0AA78AE /* TunnelConnection.swift */; };
		B448BBD217E626ABD659848F /* Cipher.swift in Sources */ = {isa = PBXBuildFile; fileRef = CA3BBD2D4CF94CC704688F8A /* Cipher.swift */; };
		BE959F2DDDAF1A48C1A12764 /* LocalListener.swift in Sources */ = {isa = PBXBuildFile; fileRef = 7ADDA2E01CC6D26E094B9D7D /* LocalListener.swift */; };
		C16890B4486E0C1E7238FC38 /* RC4Cipher.swift in Sources */ = {isa = PBXBuildFile; fileRef = D9A41FBD1C7F3D127F6BA043 /* RC4Cipher.swift */; };
		C2DC1D95C01736D83366FD78 /* WebViewStateMachine.swift in Sources */ = {isa = PBXBuildFile; fileRef = CD6EE499A231884BA157CF92 /* WebViewStateMachine.swift */; };
		CAC93BAE6761FDE651C21E51 /* ServerListView.swift in Sources */ = {isa = PBXBuildFile; fileRef = CA5026AC12426FE9FA03A497 /* ServerListView.swift */; };
		DBF148B07CC8962B691824F0 /* ClientConfig.swift in Sources */ = {isa = PBXBuildFile; fileRef = 4FE27B9C36621CB52E6B49F6 /* ClientConfig.swift */; };
		E37CB623C3426242CA5BF47A /* StatusProbeTests.swift in Sources */ = {isa = PBXBuildFile; fileRef = C8888EA6ACE01989BE0EEABF /* StatusProbeTests.swift */; };
		E8386D560E48B72C03EAB245 /* AES256CFBCipher.swift in Sources */ = {isa = PBXBuildFile; fileRef = 91BA349C353601A73D7A9B26 /* AES256CFBCipher.swift */; };
		ECCC52C76DE924290046F790 /* Heartbeat.swift in Sources */ = {isa = PBXBuildFile; fileRef = 475E12DF091456EC7C50EF01 /* Heartbeat.swift */; };
		EF425F06515B75001CC03766 /* AES256CFBCipherTests.swift in Sources */ = {isa = PBXBuildFile; fileRef = C2F9BCE18CAE224D4DE2B48E /* AES256CFBCipherTests.swift */; };
		F48DD77754711E74FE445971 /* Placeholder.swift in Sources */ = {isa = PBXBuildFile; fileRef = 5470324602C211C27ACF6BC8 /* Placeholder.swift */; };
		FC0F28FE0A9CBCB071443C18 /* WebViewCanvas.swift in Sources */ = {isa = PBXBuildFile; fileRef = 334BA1DDD50D97561A9B05F3 /* WebViewCanvas.swift */; };
/* End PBXBuildFile section */

/* Begin PBXContainerItemProxy section */
		0D734A4BEE05A9938BEB294E /* PBXContainerItemProxy */ = {
			isa = PBXContainerItemProxy;
			containerPortal = C3AD81A5144720F87B583731 /* Project object */;
			proxyType = 1;
			remoteGlobalIDString = 7FF0ADB05EC299706951D968;
			remoteInfo = Qtunnel;
		};
/* End PBXContainerItemProxy section */

/* Begin PBXFileReference section */
		0A41A1C9A5C720127DACF794 /* ClientInstanceState.swift */ = {isa = PBXFileReference; lastKnownFileType = sourcecode.swift; path = ClientInstanceState.swift; sourceTree = "<group>"; };
		2F5854FF1B74F921D0AA78AE /* TunnelConnection.swift */ = {isa = PBXFileReference; lastKnownFileType = sourcecode.swift; path = TunnelConnection.swift; sourceTree = "<group>"; };
		334BA1DDD50D97561A9B05F3 /* WebViewCanvas.swift */ = {isa = PBXFileReference; lastKnownFileType = sourcecode.swift; path = WebViewCanvas.swift; sourceTree = "<group>"; };
		45BE94CA6F6F93ADB56F2656 /* ClientInstanceListView.swift */ = {isa = PBXFileReference; lastKnownFileType = sourcecode.swift; path = ClientInstanceListView.swift; sourceTree = "<group>"; };
		475E12DF091456EC7C50EF01 /* Heartbeat.swift */ = {isa = PBXFileReference; lastKnownFileType = sourcecode.swift; path = Heartbeat.swift; sourceTree = "<group>"; };
		4948C4450920B4525543B55D /* ClientInstance.swift */ = {isa = PBXFileReference; lastKnownFileType = sourcecode.swift; path = ClientInstance.swift; sourceTree = "<group>"; };
		4DFBF0EEC11E1B16A4A7A39B /* Log.swift */ = {isa = PBXFileReference; lastKnownFileType = sourcecode.swift; path = Log.swift; sourceTree = "<group>"; };
		4FE27B9C36621CB52E6B49F6 /* ClientConfig.swift */ = {isa = PBXFileReference; lastKnownFileType = sourcecode.swift; path = ClientConfig.swift; sourceTree = "<group>"; };
		52445120295260DE53C68C8C /* ServerEditView.swift */ = {isa = PBXFileReference; lastKnownFileType = sourcecode.swift; path = ServerEditView.swift; sourceTree = "<group>"; };
		5470324602C211C27ACF6BC8 /* Placeholder.swift */ = {isa = PBXFileReference; lastKnownFileType = sourcecode.swift; path = Placeholder.swift; sourceTree = "<group>"; };
		58543C2EC04D38752067AB74 /* CryptoMethod.swift */ = {isa = PBXFileReference; lastKnownFileType = sourcecode.swift; path = CryptoMethod.swift; sourceTree = "<group>"; };
		6AF8F0B808071A19757B18E8 /* AppEnvironment.swift */ = {isa = PBXFileReference; lastKnownFileType = sourcecode.swift; path = AppEnvironment.swift; sourceTree = "<group>"; };
		6B815D8716CD1F5BEF1641BB /* Info.plist */ = {isa = PBXFileReference; lastKnownFileType = text.plist; path = Info.plist; sourceTree = "<group>"; };
		77F12A3B994F3E9806242219 /* ServerCmdModal.swift */ = {isa = PBXFileReference; lastKnownFileType = sourcecode.swift; path = ServerCmdModal.swift; sourceTree = "<group>"; };
		7ADDA2E01CC6D26E094B9D7D /* LocalListener.swift */ = {isa = PBXFileReference; lastKnownFileType = sourcecode.swift; path = LocalListener.swift; sourceTree = "<group>"; };
		91BA349C353601A73D7A9B26 /* AES256CFBCipher.swift */ = {isa = PBXFileReference; lastKnownFileType = sourcecode.swift; path = AES256CFBCipher.swift; sourceTree = "<group>"; };
		92548EF49E1B66C4970ACD7A /* InstanceDetailView.swift */ = {isa = PBXFileReference; lastKnownFileType = sourcecode.swift; path = InstanceDetailView.swift; sourceTree = "<group>"; };
		A0D4B5C32B0D791509AAEC2C /* ClientConfigEditView.swift */ = {isa = PBXFileReference; lastKnownFileType = sourcecode.swift; path = ClientConfigEditView.swift; sourceTree = "<group>"; };
		A6B7D5BFC06DB9FBA779C299 /* QtunnelTests.xctest */ = {isa = PBXFileReference; includeInIndex = 0; lastKnownFileType = wrapper.cfbundle; path = QtunnelTests.xctest; sourceTree = BUILT_PRODUCTS_DIR; };
		A6FE4918DFADD07F06F6F7E8 /* QtunnelApp.swift */ = {isa = PBXFileReference; lastKnownFileType = sourcecode.swift; path = QtunnelApp.swift; sourceTree = "<group>"; };
		AA65377F4538BC916FA927DD /* Store.swift */ = {isa = PBXFileReference; lastKnownFileType = sourcecode.swift; path = Store.swift; sourceTree = "<group>"; };
		B4BF1523A3C6E573E1AD8C28 /* DS.swift */ = {isa = PBXFileReference; lastKnownFileType = sourcecode.swift; path = DS.swift; sourceTree = "<group>"; };
		B88C6C582DCD15AFF9A83D57 /* StatusProbe.swift */ = {isa = PBXFileReference; lastKnownFileType = sourcecode.swift; path = StatusProbe.swift; sourceTree = "<group>"; };
		B9E5D2C172742B92859D2C96 /* StoreTests.swift */ = {isa = PBXFileReference; lastKnownFileType = sourcecode.swift; path = StoreTests.swift; sourceTree = "<group>"; };
		BB1D9703053E694DF9D9B7B0 /* Password.swift */ = {isa = PBXFileReference; lastKnownFileType = sourcecode.swift; path = Password.swift; sourceTree = "<group>"; };
		BCA25958629EAEBE651EB3BE /* ServerState.swift */ = {isa = PBXFileReference; lastKnownFileType = sourcecode.swift; path = ServerState.swift; sourceTree = "<group>"; };
		C2F9BCE18CAE224D4DE2B48E /* AES256CFBCipherTests.swift */ = {isa = PBXFileReference; lastKnownFileType = sourcecode.swift; path = AES256CFBCipherTests.swift; sourceTree = "<group>"; };
		C7F9EF19589AD30195EE991A /* RC4CipherTests.swift */ = {isa = PBXFileReference; lastKnownFileType = sourcecode.swift; path = RC4CipherTests.swift; sourceTree = "<group>"; };
		C878BE8AB7C890741D63FD4B /* KeyDerivation.swift */ = {isa = PBXFileReference; lastKnownFileType = sourcecode.swift; path = KeyDerivation.swift; sourceTree = "<group>"; };
		C8888EA6ACE01989BE0EEABF /* StatusProbeTests.swift */ = {isa = PBXFileReference; lastKnownFileType = sourcecode.swift; path = StatusProbeTests.swift; sourceTree = "<group>"; };
		CA3BBD2D4CF94CC704688F8A /* Cipher.swift */ = {isa = PBXFileReference; lastKnownFileType = sourcecode.swift; path = Cipher.swift; sourceTree = "<group>"; };
		CA5026AC12426FE9FA03A497 /* ServerListView.swift */ = {isa = PBXFileReference; lastKnownFileType = sourcecode.swift; path = ServerListView.swift; sourceTree = "<group>"; };
		CD6EE499A231884BA157CF92 /* WebViewStateMachine.swift */ = {isa = PBXFileReference; lastKnownFileType = sourcecode.swift; path = WebViewStateMachine.swift; sourceTree = "<group>"; };
		CE033D1210CD8506DD81F698 /* Qtunnel.app */ = {isa = PBXFileReference; includeInIndex = 0; lastKnownFileType = wrapper.application; path = Qtunnel.app; sourceTree = BUILT_PRODUCTS_DIR; };
		D9A41FBD1C7F3D127F6BA043 /* RC4Cipher.swift */ = {isa = PBXFileReference; lastKnownFileType = sourcecode.swift; path = RC4Cipher.swift; sourceTree = "<group>"; };
		DF44707E2712A711681F8A37 /* ServerCmd.swift */ = {isa = PBXFileReference; lastKnownFileType = sourcecode.swift; path = ServerCmd.swift; sourceTree = "<group>"; };
		E8C556C466DC396F7E7CF0A9 /* Server.swift */ = {isa = PBXFileReference; lastKnownFileType = sourcecode.swift; path = Server.swift; sourceTree = "<group>"; };
		EEE2B93AA06DE0C0933C3D38 /* WebViewState.swift */ = {isa = PBXFileReference; lastKnownFileType = sourcecode.swift; path = WebViewState.swift; sourceTree = "<group>"; };
		F3954BD928A1673AC38C8C34 /* Keys.swift */ = {isa = PBXFileReference; lastKnownFileType = sourcecode.swift; path = Keys.swift; sourceTree = "<group>"; };
		F445FE8815D8EF3A01D55456 /* TCPForwarder.swift */ = {isa = PBXFileReference; lastKnownFileType = sourcecode.swift; path = TCPForwarder.swift; sourceTree = "<group>"; };
		F46CE42E287269A4380C2039 /* StateMachineTests.swift */ = {isa = PBXFileReference; lastKnownFileType = sourcecode.swift; path = StateMachineTests.swift; sourceTree = "<group>"; };
		FA6528DC0E2C49F40310B7E7 /* KeyDerivationTests.swift */ = {isa = PBXFileReference; lastKnownFileType = sourcecode.swift; path = KeyDerivationTests.swift; sourceTree = "<group>"; };
		FF26D7AE9CC6E344616CCF69 /* ClientConfigListView.swift */ = {isa = PBXFileReference; lastKnownFileType = sourcecode.swift; path = ClientConfigListView.swift; sourceTree = "<group>"; };
/* End PBXFileReference section */

/* Begin PBXGroup section */
		150D7407ED52B275D1C935D2 /* Networking */ = {
			isa = PBXGroup;
			children = (
				7ADDA2E01CC6D26E094B9D7D /* LocalListener.swift */,
				B88C6C582DCD15AFF9A83D57 /* StatusProbe.swift */,
				F445FE8815D8EF3A01D55456 /* TCPForwarder.swift */,
			);
			path = Networking;
			sourceTree = "<group>";
		};
		1582613BC4E428C3A635ABBA /* Protocol */ = {
			isa = PBXGroup;
			children = (
				91BA349C353601A73D7A9B26 /* AES256CFBCipher.swift */,
				CA3BBD2D4CF94CC704688F8A /* Cipher.swift */,
				475E12DF091456EC7C50EF01 /* Heartbeat.swift */,
				C878BE8AB7C890741D63FD4B /* KeyDerivation.swift */,
				D9A41FBD1C7F3D127F6BA043 /* RC4Cipher.swift */,
				2F5854FF1B74F921D0AA78AE /* TunnelConnection.swift */,
			);
			path = Protocol;
			sourceTree = "<group>";
		};
		24237277973A46CCAC9D5B8C /* Util */ = {
			isa = PBXGroup;
			children = (
				4DFBF0EEC11E1B16A4A7A39B /* Log.swift */,
				BB1D9703053E694DF9D9B7B0 /* Password.swift */,
				DF44707E2712A711681F8A37 /* ServerCmd.swift */,
			);
			path = Util;
			sourceTree = "<group>";
		};
		293B662A5859E4884DDFB930 /* Products */ = {
			isa = PBXGroup;
			children = (
				CE033D1210CD8506DD81F698 /* Qtunnel.app */,
				A6B7D5BFC06DB9FBA779C299 /* QtunnelTests.xctest */,
			);
			name = Products;
			sourceTree = "<group>";
		};
		2CCDE95A2E545ED0AF13DB32 /* App */ = {
			isa = PBXGroup;
			children = (
				6B815D8716CD1F5BEF1641BB /* Info.plist */,
				A6FE4918DFADD07F06F6F7E8 /* QtunnelApp.swift */,
			);
			path = App;
			sourceTree = "<group>";
		};
		30038DC110A64C7AF66ACB84 /* StateMachine */ = {
			isa = PBXGroup;
			children = (
				0A41A1C9A5C720127DACF794 /* ClientInstanceState.swift */,
				BCA25958629EAEBE651EB3BE /* ServerState.swift */,
				CD6EE499A231884BA157CF92 /* WebViewStateMachine.swift */,
			);
			path = StateMachine;
			sourceTree = "<group>";
		};
		317EEF533D752B659EA2A1FC /* UI */ = {
			isa = PBXGroup;
			children = (
				6AF8F0B808071A19757B18E8 /* AppEnvironment.swift */,
				A0D4B5C32B0D791509AAEC2C /* ClientConfigEditView.swift */,
				FF26D7AE9CC6E344616CCF69 /* ClientConfigListView.swift */,
				45BE94CA6F6F93ADB56F2656 /* ClientInstanceListView.swift */,
				92548EF49E1B66C4970ACD7A /* InstanceDetailView.swift */,
				77F12A3B994F3E9806242219 /* ServerCmdModal.swift */,
				52445120295260DE53C68C8C /* ServerEditView.swift */,
				CA5026AC12426FE9FA03A497 /* ServerListView.swift */,
				334BA1DDD50D97561A9B05F3 /* WebViewCanvas.swift */,
			);
			path = UI;
			sourceTree = "<group>";
		};
		388F7A7CE7A20D86E8D85AC1 /* Models */ = {
			isa = PBXGroup;
			children = (
				4FE27B9C36621CB52E6B49F6 /* ClientConfig.swift */,
				4948C4450920B4525543B55D /* ClientInstance.swift */,
				58543C2EC04D38752067AB74 /* CryptoMethod.swift */,
				E8C556C466DC396F7E7CF0A9 /* Server.swift */,
				EEE2B93AA06DE0C0933C3D38 /* WebViewState.swift */,
			);
			path = Models;
			sourceTree = "<group>";
		};
		C1F08710CE64C69319697A2C = {
			isa = PBXGroup;
			children = (
				2CCDE95A2E545ED0AF13DB32 /* App */,
				DC8246F80306DA47BC7A08AB /* DesignSystem */,
				388F7A7CE7A20D86E8D85AC1 /* Models */,
				150D7407ED52B275D1C935D2 /* Networking */,
				1582613BC4E428C3A635ABBA /* Protocol */,
				30038DC110A64C7AF66ACB84 /* StateMachine */,
				CF0B996A299419AC61094EFB /* Storage */,
				C3A9F23837D1F346D0D88047 /* Tests */,
				317EEF533D752B659EA2A1FC /* UI */,
				24237277973A46CCAC9D5B8C /* Util */,
				293B662A5859E4884DDFB930 /* Products */,
			);
			sourceTree = "<group>";
		};
		C3A9F23837D1F346D0D88047 /* Tests */ = {
			isa = PBXGroup;
			children = (
				C2F9BCE18CAE224D4DE2B48E /* AES256CFBCipherTests.swift */,
				FA6528DC0E2C49F40310B7E7 /* KeyDerivationTests.swift */,
				5470324602C211C27ACF6BC8 /* Placeholder.swift */,
				C7F9EF19589AD30195EE991A /* RC4CipherTests.swift */,
				F46CE42E287269A4380C2039 /* StateMachineTests.swift */,
				C8888EA6ACE01989BE0EEABF /* StatusProbeTests.swift */,
				B9E5D2C172742B92859D2C96 /* StoreTests.swift */,
			);
			path = Tests;
			sourceTree = "<group>";
		};
		CF0B996A299419AC61094EFB /* Storage */ = {
			isa = PBXGroup;
			children = (
				F3954BD928A1673AC38C8C34 /* Keys.swift */,
				AA65377F4538BC916FA927DD /* Store.swift */,
			);
			path = Storage;
			sourceTree = "<group>";
		};
		DC8246F80306DA47BC7A08AB /* DesignSystem */ = {
			isa = PBXGroup;
			children = (
				B4BF1523A3C6E573E1AD8C28 /* DS.swift */,
			);
			path = DesignSystem;
			sourceTree = "<group>";
		};
/* End PBXGroup section */

/* Begin PBXNativeTarget section */
		7FF0ADB05EC299706951D968 /* Qtunnel */ = {
			isa = PBXNativeTarget;
			buildConfigurationList = 9C0413D2F61EA09DBC446865 /* Build configuration list for PBXNativeTarget "Qtunnel" */;
			buildPhases = (
				9C211B4D297DCA19A1EF40C4 /* Sources */,
			);
			buildRules = (
			);
			dependencies = (
			);
			name = Qtunnel;
			packageProductDependencies = (
			);
			productName = Qtunnel;
			productReference = CE033D1210CD8506DD81F698 /* Qtunnel.app */;
			productType = "com.apple.product-type.application";
		};
		D1CBFB59F8479FB0DAAD1574 /* QtunnelTests */ = {
			isa = PBXNativeTarget;
			buildConfigurationList = 0AC3DFE3DCD9CC419398ADEC /* Build configuration list for PBXNativeTarget "QtunnelTests" */;
			buildPhases = (
				AC7F4D51656CFDA3C4B987FF /* Sources */,
			);
			buildRules = (
			);
			dependencies = (
				607A5A7633AE4D3BA645B6AD /* PBXTargetDependency */,
			);
			name = QtunnelTests;
			packageProductDependencies = (
			);
			productName = QtunnelTests;
			productReference = A6B7D5BFC06DB9FBA779C299 /* QtunnelTests.xctest */;
			productType = "com.apple.product-type.bundle.unit-test";
		};
/* End PBXNativeTarget section */

/* Begin PBXProject section */
		C3AD81A5144720F87B583731 /* Project object */ = {
			isa = PBXProject;
			attributes = {
				BuildIndependentTargetsInParallel = YES;
				LastUpgradeCheck = 1430;
				TargetAttributes = {
					7FF0ADB05EC299706951D968 = {
						DevelopmentTeam = "";
						ProvisioningStyle = Automatic;
					};
				};
			};
			buildConfigurationList = 7A8DBAF35038F1EEED3D432E /* Build configuration list for PBXProject "Qtunnel" */;
			compatibilityVersion = "Xcode 14.0";
			developmentRegion = en;
			hasScannedForEncodings = 0;
			knownRegions = (
				Base,
				en,
			);
			mainGroup = C1F08710CE64C69319697A2C;
			minimizedProjectReferenceProxies = 1;
			preferredProjectObjectVersion = 77;
			projectDirPath = "";
			projectRoot = "";
			targets = (
				7FF0ADB05EC299706951D968 /* Qtunnel */,
				D1CBFB59F8479FB0DAAD1574 /* QtunnelTests */,
			);
		};
/* End PBXProject section */

/* Begin PBXSourcesBuildPhase section */
		9C211B4D297DCA19A1EF40C4 /* Sources */ = {
			isa = PBXSourcesBuildPhase;
			buildActionMask = 2147483647;
			files = (
				E8386D560E48B72C03EAB245 /* AES256CFBCipher.swift in Sources */,
				4489E2B229CBC79D6D12D0E0 /* AppEnvironment.swift in Sources */,
				B448BBD217E626ABD659848F /* Cipher.swift in Sources */,
				DBF148B07CC8962B691824F0 /* ClientConfig.swift in Sources */,
				6EAD230841B7F33542055253 /* ClientConfigEditView.swift in Sources */,
				7D2571FD06A0A90265720E89 /* ClientConfigListView.swift in Sources */,
				5044AAE7C0ED25725F445764 /* ClientInstance.swift in Sources */,
				1D71390616C358C1E3B64E97 /* ClientInstanceListView.swift in Sources */,
				0E6AF5380B95C2E8B0306DDD /* ClientInstanceState.swift in Sources */,
				8E62BA42FB244936759FD8E6 /* CryptoMethod.swift in Sources */,
				96CEE7F769346FE30EABDCDF /* DS.swift in Sources */,
				ECCC52C76DE924290046F790 /* Heartbeat.swift in Sources */,
				64149FE1774E5647656156B3 /* InstanceDetailView.swift in Sources */,
				107F0A411CB0EBB6C7814D1A /* KeyDerivation.swift in Sources */,
				57D3ED93979E5A22153D28DF /* Keys.swift in Sources */,
				BE959F2DDDAF1A48C1A12764 /* LocalListener.swift in Sources */,
				90F27FE1B2F18FC62B52EF12 /* Log.swift in Sources */,
				15888598639065B21A052194 /* Password.swift in Sources */,
				77C1142AE33201308764A799 /* QtunnelApp.swift in Sources */,
				C16890B4486E0C1E7238FC38 /* RC4Cipher.swift in Sources */,
				2FD47ED596DDAE8B90235A14 /* Server.swift in Sources */,
				5B5BFC4D25A70D5812385908 /* ServerCmd.swift in Sources */,
				ABCFD13476F1A4051F581CEF /* ServerCmdModal.swift in Sources */,
				492400C0D605BF0DDEB48A96 /* ServerEditView.swift in Sources */,
				CAC93BAE6761FDE651C21E51 /* ServerListView.swift in Sources */,
				295CC2658D5C77C7F4D8A372 /* ServerState.swift in Sources */,
				8C7DB2682B3A2B2CCDE646C4 /* StatusProbe.swift in Sources */,
				ACD26350031D6818F736FCAB /* Store.swift in Sources */,
				9D4EA75A3BE48ECF5CF72550 /* TCPForwarder.swift in Sources */,
				B2A47DE3B7D306A9BEA94A88 /* TunnelConnection.swift in Sources */,
				FC0F28FE0A9CBCB071443C18 /* WebViewCanvas.swift in Sources */,
				2F88751D6279228C9A743F86 /* WebViewState.swift in Sources */,
				C2DC1D95C01736D83366FD78 /* WebViewStateMachine.swift in Sources */,
			);
			runOnlyForDeploymentPostprocessing = 0;
		};
		AC7F4D51656CFDA3C4B987FF /* Sources */ = {
			isa = PBXSourcesBuildPhase;
			buildActionMask = 2147483647;
			files = (
				EF425F06515B75001CC03766 /* AES256CFBCipherTests.swift in Sources */,
				8C4AEB99EA263E6126F1B817 /* KeyDerivationTests.swift in Sources */,
				F48DD77754711E74FE445971 /* Placeholder.swift in Sources */,
				6BACFF590456BAF38E950C0D /* RC4CipherTests.swift in Sources */,
				4DD160E6908B3EFA2AE8DC1E /* StateMachineTests.swift in Sources */,
				E37CB623C3426242CA5BF47A /* StatusProbeTests.swift in Sources */,
				1BFAC3789D37274476026EF7 /* StoreTests.swift in Sources */,
			);
			runOnlyForDeploymentPostprocessing = 0;
		};
/* End PBXSourcesBuildPhase section */

/* Begin PBXTargetDependency section */
		607A5A7633AE4D3BA645B6AD /* PBXTargetDependency */ = {
			isa = PBXTargetDependency;
			target = 7FF0ADB05EC299706951D968 /* Qtunnel */;
			targetProxy = 0D734A4BEE05A9938BEB294E /* PBXContainerItemProxy */;
		};
/* End PBXTargetDependency section */

/* Begin XCBuildConfiguration section */
		1DC37784CE5ABBA7D07F840D /* Release */ = {
			isa = XCBuildConfiguration;
			buildSettings = {
				ALWAYS_SEARCH_USER_PATHS = NO;
				CLANG_ANALYZER_NONNULL = YES;
				CLANG_ANALYZER_NUMBER_OBJECT_CONVERSION = YES_AGGRESSIVE;
				CLANG_CXX_LANGUAGE_STANDARD = "gnu++14";
				CLANG_CXX_LIBRARY = "libc++";
				CLANG_ENABLE_MODULES = YES;
				CLANG_ENABLE_OBJC_ARC = YES;
				CLANG_ENABLE_OBJC_WEAK = YES;
				CLANG_WARN_BLOCK_CAPTURE_AUTORELEASING = YES;
				CLANG_WARN_BOOL_CONVERSION = YES;
				CLANG_WARN_COMMA = YES;
				CLANG_WARN_CONSTANT_CONVERSION = YES;
				CLANG_WARN_DEPRECATED_OBJC_IMPLEMENTATIONS = YES;
				CLANG_WARN_DIRECT_OBJC_ISA_USAGE = YES_ERROR;
				CLANG_WARN_DOCUMENTATION_COMMENTS = YES;
				CLANG_WARN_EMPTY_BODY = YES;
				CLANG_WARN_ENUM_CONVERSION = YES;
				CLANG_WARN_INFINITE_RECURSION = YES;
				CLANG_WARN_INT_CONVERSION = YES;
				CLANG_WARN_NON_LITERAL_NULL_CONVERSION = YES;
				CLANG_WARN_OBJC_IMPLICIT_RETAIN_SELF = YES;
				CLANG_WARN_OBJC_LITERAL_CONVERSION = YES;
				CLANG_WARN_OBJC_ROOT_CLASS = YES_ERROR;
				CLANG_WARN_QUOTED_INCLUDE_IN_FRAMEWORK_HEADER = YES;
				CLANG_WARN_RANGE_LOOP_ANALYSIS = YES;
				CLANG_WARN_STRICT_PROTOTYPES = YES;
				CLANG_WARN_SUSPICIOUS_MOVE = YES;
				CLANG_WARN_UNGUARDED_AVAILABILITY = YES_AGGRESSIVE;
				CLANG_WARN_UNREACHABLE_CODE = YES;
				CLANG_WARN__DUPLICATE_METHOD_MATCH = YES;
				COPY_PHASE_STRIP = NO;
				DEBUG_INFORMATION_FORMAT = "dwarf-with-dsym";
				ENABLE_NS_ASSERTIONS = NO;
				ENABLE_STRICT_OBJC_MSGSEND = YES;
				ENABLE_USER_SCRIPT_SANDBOXING = YES;
				GCC_C_LANGUAGE_STANDARD = gnu11;
				GCC_NO_COMMON_BLOCKS = YES;
				GCC_WARN_64_TO_32_BIT_CONVERSION = YES;
				GCC_WARN_ABOUT_RETURN_TYPE = YES_ERROR;
				GCC_WARN_UNDECLARED_SELECTOR = YES;
				GCC_WARN_UNINITIALIZED_AUTOS = YES_AGGRESSIVE;
				GCC_WARN_UNUSED_FUNCTION = YES;
				GCC_WARN_UNUSED_VARIABLE = YES;
				IPHONEOS_DEPLOYMENT_TARGET = 17.0;
				MTL_ENABLE_DEBUG_INFO = NO;
				MTL_FAST_MATH = YES;
				PRODUCT_NAME = "$(TARGET_NAME)";
				SDKROOT = iphoneos;
				SWIFT_COMPILATION_MODE = wholemodule;
				SWIFT_OPTIMIZATION_LEVEL = "-O";
				SWIFT_STRICT_CONCURRENCY = complete;
				SWIFT_VERSION = 5.9;
			};
			name = Release;
		};
		4F497A24B93670B8F120F663 /* Release */ = {
			isa = XCBuildConfiguration;
			buildSettings = {
				BUNDLE_LOADER = "$(TEST_HOST)";
				GENERATE_INFOPLIST_FILE = YES;
				LD_RUNPATH_SEARCH_PATHS = (
					"$(inherited)",
					"@executable_path/Frameworks",
					"@loader_path/Frameworks",
				);
				PRODUCT_BUNDLE_IDENTIFIER = com.karsa.qtunnel.app.tests;
				SDKROOT = iphoneos;
				TARGETED_DEVICE_FAMILY = "1,2";
				TEST_HOST = "$(BUILT_PRODUCTS_DIR)/Qtunnel.app/Qtunnel";
			};
			name = Release;
		};
		862EC8281D2136E6CC50B611 /* Debug */ = {
			isa = XCBuildConfiguration;
			buildSettings = {
				ALWAYS_SEARCH_USER_PATHS = NO;
				CLANG_ANALYZER_NONNULL = YES;
				CLANG_ANALYZER_NUMBER_OBJECT_CONVERSION = YES_AGGRESSIVE;
				CLANG_CXX_LANGUAGE_STANDARD = "gnu++14";
				CLANG_CXX_LIBRARY = "libc++";
				CLANG_ENABLE_MODULES = YES;
				CLANG_ENABLE_OBJC_ARC = YES;
				CLANG_ENABLE_OBJC_WEAK = YES;
				CLANG_WARN_BLOCK_CAPTURE_AUTORELEASING = YES;
				CLANG_WARN_BOOL_CONVERSION = YES;
				CLANG_WARN_COMMA = YES;
				CLANG_WARN_CONSTANT_CONVERSION = YES;
				CLANG_WARN_DEPRECATED_OBJC_IMPLEMENTATIONS = YES;
				CLANG_WARN_DIRECT_OBJC_ISA_USAGE = YES_ERROR;
				CLANG_WARN_DOCUMENTATION_COMMENTS = YES;
				CLANG_WARN_EMPTY_BODY = YES;
				CLANG_WARN_ENUM_CONVERSION = YES;
				CLANG_WARN_INFINITE_RECURSION = YES;
				CLANG_WARN_INT_CONVERSION = YES;
				CLANG_WARN_NON_LITERAL_NULL_CONVERSION = YES;
				CLANG_WARN_OBJC_IMPLICIT_RETAIN_SELF = YES;
				CLANG_WARN_OBJC_LITERAL_CONVERSION = YES;
				CLANG_WARN_OBJC_ROOT_CLASS = YES_ERROR;
				CLANG_WARN_QUOTED_INCLUDE_IN_FRAMEWORK_HEADER = YES;
				CLANG_WARN_RANGE_LOOP_ANALYSIS = YES;
				CLANG_WARN_STRICT_PROTOTYPES = YES;
				CLANG_WARN_SUSPICIOUS_MOVE = YES;
				CLANG_WARN_UNGUARDED_AVAILABILITY = YES_AGGRESSIVE;
				CLANG_WARN_UNREACHABLE_CODE = YES;
				CLANG_WARN__DUPLICATE_METHOD_MATCH = YES;
				COPY_PHASE_STRIP = NO;
				DEBUG_INFORMATION_FORMAT = dwarf;
				ENABLE_STRICT_OBJC_MSGSEND = YES;
				ENABLE_TESTABILITY = YES;
				ENABLE_USER_SCRIPT_SANDBOXING = YES;
				GCC_C_LANGUAGE_STANDARD = gnu11;
				GCC_DYNAMIC_NO_PIC = NO;
				GCC_NO_COMMON_BLOCKS = YES;
				GCC_OPTIMIZATION_LEVEL = 0;
				GCC_PREPROCESSOR_DEFINITIONS = (
					"$(inherited)",
					"DEBUG=1",
				);
				GCC_WARN_64_TO_32_BIT_CONVERSION = YES;
				GCC_WARN_ABOUT_RETURN_TYPE = YES_ERROR;
				GCC_WARN_UNDECLARED_SELECTOR = YES;
				GCC_WARN_UNINITIALIZED_AUTOS = YES_AGGRESSIVE;
				GCC_WARN_UNUSED_FUNCTION = YES;
				GCC_WARN_UNUSED_VARIABLE = YES;
				IPHONEOS_DEPLOYMENT_TARGET = 17.0;
				MTL_ENABLE_DEBUG_INFO = INCLUDE_SOURCE;
				MTL_FAST_MATH = YES;
				ONLY_ACTIVE_ARCH = YES;
				PRODUCT_NAME = "$(TARGET_NAME)";
				SDKROOT = iphoneos;
				SWIFT_ACTIVE_COMPILATION_CONDITIONS = DEBUG;
				SWIFT_OPTIMIZATION_LEVEL = "-Onone";
				SWIFT_STRICT_CONCURRENCY = complete;
				SWIFT_VERSION = 5.9;
			};
			name = Debug;
		};
		DD50F0AFBE0F1FC6BA8C97B9 /* Debug */ = {
			isa = XCBuildConfiguration;
			buildSettings = {
				BUNDLE_LOADER = "$(TEST_HOST)";
				GENERATE_INFOPLIST_FILE = YES;
				LD_RUNPATH_SEARCH_PATHS = (
					"$(inherited)",
					"@executable_path/Frameworks",
					"@loader_path/Frameworks",
				);
				PRODUCT_BUNDLE_IDENTIFIER = com.karsa.qtunnel.app.tests;
				SDKROOT = iphoneos;
				TARGETED_DEVICE_FAMILY = "1,2";
				TEST_HOST = "$(BUILT_PRODUCTS_DIR)/Qtunnel.app/Qtunnel";
			};
			name = Debug;
		};
		E344DAD9A4F621D34E46A29B /* Debug */ = {
			isa = XCBuildConfiguration;
			buildSettings = {
				ASSETCATALOG_COMPILER_APPICON_NAME = AppIcon;
				CODE_SIGN_IDENTITY = "iPhone Developer";
				CODE_SIGN_STYLE = Automatic;
				DEVELOPMENT_TEAM = "";
				INFOPLIST_FILE = App/Info.plist;
				LD_RUNPATH_SEARCH_PATHS = (
					"$(inherited)",
					"@executable_path/Frameworks",
				);
				PRODUCT_BUNDLE_IDENTIFIER = com.karsa.qtunnel.app;
				SDKROOT = iphoneos;
				TARGETED_DEVICE_FAMILY = "1,2";
			};
			name = Debug;
		};
		E9760A8561DF52EE77CDD096 /* Release */ = {
			isa = XCBuildConfiguration;
			buildSettings = {
				ASSETCATALOG_COMPILER_APPICON_NAME = AppIcon;
				CODE_SIGN_IDENTITY = "iPhone Developer";
				CODE_SIGN_STYLE = Automatic;
				DEVELOPMENT_TEAM = "";
				INFOPLIST_FILE = App/Info.plist;
				LD_RUNPATH_SEARCH_PATHS = (
					"$(inherited)",
					"@executable_path/Frameworks",
				);
				PRODUCT_BUNDLE_IDENTIFIER = com.karsa.qtunnel.app;
				SDKROOT = iphoneos;
				TARGETED_DEVICE_FAMILY = "1,2";
			};
			name = Release;
		};
/* End XCBuildConfiguration section */

/* Begin XCConfigurationList section */
		0AC3DFE3DCD9CC419398ADEC /* Build configuration list for PBXNativeTarget "QtunnelTests" */ = {
			isa = XCConfigurationList;
			buildConfigurations = (
				DD50F0AFBE0F1FC6BA8C97B9 /* Debug */,
				4F497A24B93670B8F120F663 /* Release */,
			);
			defaultConfigurationIsVisible = 0;
			defaultConfigurationName = Debug;
		};
		7A8DBAF35038F1EEED3D432E /* Build configuration list for PBXProject "Qtunnel" */ = {
			isa = XCConfigurationList;
			buildConfigurations = (
				862EC8281D2136E6CC50B611 /* Debug */,
				1DC37784CE5ABBA7D07F840D /* Release */,
			);
			defaultConfigurationIsVisible = 0;
			defaultConfigurationName = Debug;
		};
		9C0413D2F61EA09DBC446865 /* Build configuration list for PBXNativeTarget "Qtunnel" */ = {
			isa = XCConfigurationList;
			buildConfigurations = (
				E344DAD9A4F621D34E46A29B /* Debug */,
				E9760A8561DF52EE77CDD096 /* Release */,
			);
			defaultConfigurationIsVisible = 0;
			defaultConfigurationName = Debug;
		};
/* End XCConfigurationList section */
	};
	rootObject = C3AD81A5144720F87B583731 /* Project object */;
}
